
Microsoft Visual Studio Solution File, Format Version 12.00
Project("{FAE04EC0-301F-11D3-BF4B-00C04F79EFBC}") = "SimpleNotes", "SimpleNotes\SimpleNotes\SimpleNotes.csproj", "{0009422B-77EB-4091-A9F0-3C98552B7D34}"
EndProject
Project("{FAE04EC0-301F-11D3-BF4B-00C04F79EFBC}") = "SimpleNotes.Android", "SimpleNotes\SimpleNotes.Android\SimpleNotes.Android.csproj", "{AFAA0BF6-5F23-4B69-9E50-1E955DC02A95}"
EndProject
Project("{FAE04EC0-301F-11D3-BF4B-00C04F79EFBC}") = "SimpleNotes.iOS", "SimpleNotes\SimpleNotes.iOS\SimpleNotes.iOS.csproj", "{969AE745-E3C8-4AB7-9F51-D5E9E5B34376}"
EndProject
Project("{FAE04EC0-301F-11D3-BF4B-00C04F79EFBC}") = "SimpleNotes.Models", "SimpleNotes.Models\SimpleNotes.Models.csproj", "{D326FB04-26A2-4744-87CA-6BDE70F98E40}"
EndProject
Project("{FAE04EC0-301F-11D3-BF4B-00C04F79EFBC}") = "SimpleNotes.ViewModels", "SimpleNotes.ViewModels\SimpleNotes.ViewModels.csproj", "{6972D443-5959-4BB4-B517-B1B64AC7E5DF}"
EndProject
Project("{FAE04EC0-301F-11D3-BF4B-00C04F79EFBC}") = "Shared", "Shared\Shared.csproj", "{AD05F396-B9A8-479F-A380-E4301E70CB09}"
EndProject
Project("{FAE04EC0-301F-11D3-BF4B-00C04F79EFBC}") = "SimpleNotes.Models.Tests", "SimpleNotes.Models.Tests\SimpleNotes.Models.Tests.csproj", "{C7AA8AFC-8E1A-4B34-830B-66BAD57312C6}"
EndProject
Project("{FAE04EC0-301F-11D3-BF4B-00C04F79EFBC}") = "SimpleNotes.ViewModels.Tests", "SimpleNotes.ViewModels.Tests\SimpleNotes.ViewModels.Tests.csproj", "{936F234E-7EAA-4C43-AF4A-619CD25C08B9}"
EndProject
Global
	GlobalSection(SolutionConfigurationPlatforms) = preSolution
		Ad-Hoc|iPhone = Ad-Hoc|iPhone
		AppStore|iPhone = AppStore|iPhone
		Debug|Any CPU = Debug|Any CPU
		Debug|iPhone = Debug|iPhone
		Debug|iPhoneSimulator = Debug|iPhoneSimulator
		Release|Any CPU = Release|Any CPU
		Release|iPhone = Release|iPhone
		Release|iPhoneSimulator = Release|iPhoneSimulator
	EndGlobalSection
	GlobalSection(ProjectConfigurationPlatforms) = postSolution
		{0009422B-77EB-4091-A9F0-3C98552B7D34}.Ad-Hoc|iPhone.ActiveCfg = Debug|Any CPU
		{0009422B-77EB-4091-A9F0-3C98552B7D34}.Ad-Hoc|iPhone.Build.0 = Debug|Any CPU
		{0009422B-77EB-4091-A9F0-3C98552B7D34}.AppStore|iPhone.ActiveCfg = Debug|Any CPU
		{0009422B-77EB-4091-A9F0-3C98552B7D34}.AppStore|iPhone.Build.0 = Debug|Any CPU
		{0009422B-77EB-4091-A9F0-3C98552B7D34}.Debug|Any CPU.ActiveCfg = Debug|Any CPU
		{0009422B-77EB-4091-A9F0-3C98552B7D34}.Debug|Any CPU.Build.0 = Debug|Any CPU
		{0009422B-77EB-4091-A9F0-3C98552B7D34}.Debug|iPhone.ActiveCfg = Debug|Any CPU
		{0009422B-77EB-4091-A9F0-3C98552B7D34}.Debug|iPhone.Build.0 = Debug|Any CPU
		{0009422B-77EB-4091-A9F0-3C98552B7D34}.Debug|iPhoneSimulator.ActiveCfg = Debug|Any CPU
		{0009422B-77EB-4091-A9F0-3C98552B7D34}.Debug|iPhoneSimulator.Build.0 = Debug|Any CPU
		{0009422B-77EB-4091-A9F0-3C98552B7D34}.Release|Any CPU.ActiveCfg = Release|Any CPU
		{0009422B-77EB-4091-A9F0-3C98552B7D34}.Release|Any CPU.Build.0 = Release|Any CPU
		{0009422B-77EB-4091-A9F0-3C98552B7D34}.Release|iPhone.ActiveCfg = Release|Any CPU
		{0009422B-77EB-4091-A9F0-3C98552B7D34}.Release|iPhone.Build.0 = Release|Any CPU
		{0009422B-77EB-4091-A9F0-3C98552B7D34}.Release|iPhoneSimulator.ActiveCfg = Release|Any CPU
		{0009422B-77EB-4091-A9F0-3C98552B7D34}.Release|iPhoneSimulator.Build.0 = Release|Any CPU
		{AFAA0BF6-5F23-4B69-9E50-1E955DC02A95}.Ad-Hoc|iPhone.ActiveCfg = Debug|Any CPU
		{AFAA0BF6-5F23-4B69-9E50-1E955DC02A95}.Ad-Hoc|iPhone.Build.0 = Debug|Any CPU
		{AFAA0BF6-5F23-4B69-9E50-1E955DC02A95}.Ad-Hoc|iPhone.Deploy.0 = Debug|Any CPU
		{AFAA0BF6-5F23-4B69-9E50-1E955DC02A95}.AppStore|iPhone.ActiveCfg = Debug|Any CPU
		{AFAA0BF6-5F23-4B69-9E50-1E955DC02A95}.AppStore|iPhone.Build.0 = Debug|Any CPU
		{AFAA0BF6-5F23-4B69-9E50-1E955DC02A95}.AppStore|iPhone.Deploy.0 = Debug|Any CPU
		{AFAA0BF6-5F23-4B69-9E50-1E955DC02A95}.Debug|Any CPU.ActiveCfg = Debug|Any CPU
		{AFAA0BF6-5F23-4B69-9E50-1E955DC02A95}.Debug|Any CPU.Build.0 = Debug|Any CPU
		{AFAA0BF6-5F23-4B69-9E50-1E955DC02A95}.Debug|Any CPU.Deploy.0 = Debug|Any CPU
		{AFAA0BF6-5F23-4B69-9E50-1E955DC02A95}.Debug|iPhone.ActiveCfg = Debug|Any CPU
		{AFAA0BF6-5F23-4B69-9E50-1E955DC02A95}.Debug|iPhone.Build.0 = Debug|Any CPU
		{AFAA0BF6-5F23-4B69-9E50-1E955DC02A95}.Debug|iPhone.Deploy.0 = Debug|Any CPU
		{AFAA0BF6-5F23-4B69-9E50-1E955DC02A95}.Debug|iPhoneSimulator.ActiveCfg = Debug|Any CPU
		{AFAA0BF6-5F23-4B69-9E50-1E955DC02A95}.Debug|iPhoneSimulator.Build.0 = Debug|Any CPU
		{AFAA0BF6-5F23-4B69-9E50-1E955DC02A95}.Debug|iPhoneSimulator.Deploy.0 = Debug|Any CPU
		{AFAA0BF6-5F23-4B69-9E50-1E955DC02A95}.Release|Any CPU.ActiveCfg = Release|Any CPU
		{AFAA0BF6-5F23-4B69-9E50-1E955DC02A95}.Release|Any CPU.Build.0 = Release|Any CPU
		{AFAA0BF6-5F23-4B69-9E50-1E955DC02A95}.Release|Any CPU.Deploy.0 = Release|Any CPU
		{AFAA0BF6-5F23-4B69-9E50-1E955DC02A95}.Release|iPhone.ActiveCfg = Release|Any CPU
		{AFAA0BF6-5F23-4B69-9E50-1E955DC02A95}.Release|iPhone.Build.0 = Release|Any CPU
		{AFAA0BF6-5F23-4B69-9E50-1E955DC02A95}.Release|iPhone.Deploy.0 = Release|Any CPU
		{AFAA0BF6-5F23-4B69-9E50-1E955DC02A95}.Release|iPhoneSimulator.ActiveCfg = Release|Any CPU
		{AFAA0BF6-5F23-4B69-9E50-1E955DC02A95}.Release|iPhoneSimulator.Build.0 = Release|Any CPU
		{AFAA0BF6-5F23-4B69-9E50-1E955DC02A95}.Release|iPhoneSimulator.Deploy.0 = Release|Any CPU
		{969AE745-E3C8-4AB7-9F51-D5E9E5B34376}.Ad-Hoc|iPhone.ActiveCfg = Ad-Hoc|iPhone
		{969AE745-E3C8-4AB7-9F51-D5E9E5B34376}.Ad-Hoc|iPhone.Build.0 = Ad-Hoc|iPhone
		{969AE745-E3C8-4AB7-9F51-D5E9E5B34376}.Ad-Hoc|iPhone.Deploy.0 = Ad-Hoc|iPhone
		{969AE745-E3C8-4AB7-9F51-D5E9E5B34376}.AppStore|iPhone.ActiveCfg = AppStore|iPhone
		{969AE745-E3C8-4AB7-9F51-D5E9E5B34376}.AppStore|iPhone.Build.0 = AppStore|iPhone
		{969AE745-E3C8-4AB7-9F51-D5E9E5B34376}.AppStore|iPhone.Deploy.0 = AppStore|iPhone
		{969AE745-E3C8-4AB7-9F51-D5E9E5B34376}.Debug|Any CPU.ActiveCfg = Debug|iPhoneSimulator
		{969AE745-E3C8-4AB7-9F51-D5E9E5B34376}.Debug|Any CPU.Build.0 = Debug|iPhoneSimulator
		{969AE745-E3C8-4AB7-9F51-D5E9E5B34376}.Debug|Any CPU.Deploy.0 = Debug|iPhoneSimulator
		{969AE745-E3C8-4AB7-9F51-D5E9E5B34376}.Debug|iPhone.ActiveCfg = Debug|iPhone
		{969AE745-E3C8-4AB7-9F51-D5E9E5B34376}.Debug|iPhone.Build.0 = Debug|iPhone
		{969AE745-E3C8-4AB7-9F51-D5E9E5B34376}.Debug|iPhone.Deploy.0 = Debug|iPhone
		{969AE745-E3C8-4AB7-9F51-D5E9E5B34376}.Debug|iPhoneSimulator.ActiveCfg = Debug|iPhoneSimulator
		{969AE745-E3C8-4AB7-9F51-D5E9E5B34376}.Debug|iPhoneSimulator.Build.0 = Debug|iPhoneSimulator
		{969AE745-E3C8-4AB7-9F51-D5E9E5B34376}.Debug|iPhoneSimulator.Deploy.0 = Debug|iPhoneSimulator
		{969AE745-E3C8-4AB7-9F51-D5E9E5B34376}.Release|Any CPU.ActiveCfg = Release|iPhoneSimulator
		{969AE745-E3C8-4AB7-9F51-D5E9E5B34376}.Release|Any CPU.Build.0 = Release|iPhoneSimulator
		{969AE745-E3C8-4AB7-9F51-D5E9E5B34376}.Release|Any CPU.Deploy.0 = Release|iPhoneSimulator
		{969AE745-E3C8-4AB7-9F51-D5E9E5B34376}.Release|iPhone.ActiveCfg = Release|iPhone
		{969AE745-E3C8-4AB7-9F51-D5E9E5B34376}.Release|iPhone.Build.0 = Release|iPhone
		{969AE745-E3C8-4AB7-9F51-D5E9E5B34376}.Release|iPhone.Deploy.0 = Release|iPhone
		{969AE745-E3C8-4AB7-9F51-D5E9E5B34376}.Release|iPhoneSimulator.ActiveCfg = Release|iPhoneSimulator
		{969AE745-E3C8-4AB7-9F51-D5E9E5B34376}.Release|iPhoneSimulator.Build.0 = Release|iPhoneSimulator
		{969AE745-E3C8-4AB7-9F51-D5E9E5B34376}.Release|iPhoneSimulator.Deploy.0 = Release|iPhoneSimulator
		{D326FB04-26A2-4744-87CA-6BDE70F98E40}.Ad-Hoc|iPhone.ActiveCfg = Debug|Any CPU
		{D326FB04-26A2-4744-87CA-6BDE70F98E40}.Ad-Hoc|iPhone.Build.0 = Debug|Any CPU
		{D326FB04-26A2-4744-87CA-6BDE70F98E40}.AppStore|iPhone.ActiveCfg = Debug|Any CPU
		{D326FB04-26A2-4744-87CA-6BDE70F98E40}.AppStore|iPhone.Build.0 = Debug|Any CPU
		{D326FB04-26A2-4744-87CA-6BDE70F98E40}.Debug|Any CPU.ActiveCfg = Debug|Any CPU
		{D326FB04-26A2-4744-87CA-6BDE70F98E40}.Debug|Any CPU.Build.0 = Debug|Any CPU
		{D326FB04-26A2-4744-87CA-6BDE70F98E40}.Debug|iPhone.ActiveCfg = Debug|Any CPU
		{D326FB04-26A2-4744-87CA-6BDE70F98E40}.Debug|iPhone.Build.0 = Debug|Any CPU
		{D326FB04-26A2-4744-87CA-6BDE70F98E40}.Debug|iPhoneSimulator.ActiveCfg = Debug|Any CPU
		{D326FB04-26A2-4744-87CA-6BDE70F98E40}.Debug|iPhoneSimulator.Build.0 = Debug|Any CPU
		{D326FB04-26A2-4744-87CA-6BDE70F98E40}.Release|Any CPU.ActiveCfg = Release|Any CPU
		{D326FB04-26A2-4744-87CA-6BDE70F98E40}.Release|Any CPU.Build.0 = Release|Any CPU
		{D326FB04-26A2-4744-87CA-6BDE70F98E40}.Release|iPhone.ActiveCfg = Release|Any CPU
		{D326FB04-26A2-4744-87CA-6BDE70F98E40}.Release|iPhone.Build.0 = Release|Any CPU
		{D326FB04-26A2-4744-87CA-6BDE70F98E40}.Release|iPhoneSimulator.ActiveCfg = Release|Any CPU
		{D326FB04-26A2-4744-87CA-6BDE70F98E40}.Release|iPhoneSimulator.Build.0 = Release|Any CPU
		{6972D443-5959-4BB4-B517-B1B64AC7E5DF}.Ad-Hoc|iPhone.ActiveCfg = Debug|Any CPU
		{6972D443-5959-4BB4-B517-B1B64AC7E5DF}.Ad-Hoc|iPhone.Build.0 = Debug|Any CPU
		{6972D443-5959-4BB4-B517-B1B64AC7E5DF}.AppStore|iPhone.ActiveCfg = Debug|Any CPU
		{6972D443-5959-4BB4-B517-B1B64AC7E5DF}.AppStore|iPhone.Build.0 = Debug|Any CPU
		{6972D443-5959-4BB4-B517-B1B64AC7E5DF}.Debug|Any CPU.ActiveCfg = Debug|Any CPU
		{6972D443-5959-4BB4-B517-B1B64AC7E5DF}.Debug|Any CPU.Build.0 = Debug|Any CPU
		{6972D443-5959-4BB4-B517-B1B64AC7E5DF}.Debug|iPhone.ActiveCfg = Debug|Any CPU
		{6972D443-5959-4BB4-B517-B1B64AC7E5DF}.Debug|iPhone.Build.0 = Debug|Any CPU
		{6972D443-5959-4BB4-B517-B1B64AC7E5DF}.Debug|iPhoneSimulator.ActiveCfg = Debug|Any CPU
		{6972D443-5959-4BB4-B517-B1B64AC7E5DF}.Debug|iPhoneSimulator.Build.0 = Debug|Any CPU
		{6972D443-5959-4BB4-B517-B1B64AC7E5DF}.Release|Any CPU.ActiveCfg = Release|Any CPU
		{6972D443-5959-4BB4-B517-B1B64AC7E5DF}.Release|Any CPU.Build.0 = Release|Any CPU
		{6972D443-5959-4BB4-B517-B1B64AC7E5DF}.Release|iPhone.ActiveCfg = Release|Any CPU
		{6972D443-5959-4BB4-B517-B1B64AC7E5DF}.Release|iPhone.Build.0 = Release|Any CPU
		{6972D443-5959-4BB4-B517-B1B64AC7E5DF}.Release|iPhoneSimulator.ActiveCfg = Release|Any CPU
		{6972D443-5959-4BB4-B517-B1B64AC7E5DF}.Release|iPhoneSimulator.Build.0 = Release|Any CPU
		{AD05F396-B9A8-479F-A380-E4301E70CB09}.Ad-Hoc|iPhone.ActiveCfg = Debug|Any CPU
		{AD05F396-B9A8-479F-A380-E4301E70CB09}.Ad-Hoc|iPhone.Build.0 = Debug|Any CPU
		{AD05F396-B9A8-479F-A380-E4301E70CB09}.AppStore|iPhone.ActiveCfg = Debug|Any CPU
		{AD05F396-B9A8-479F-A380-E4301E70CB09}.AppStore|iPhone.Build.0 = Debug|Any CPU
		{AD05F396-B9A8-479F-A380-E4301E70CB09}.Debug|Any CPU.ActiveCfg = Debug|Any CPU
		{AD05F396-B9A8-479F-A380-E4301E70CB09}.Debug|Any CPU.Build.0 = Debug|Any CPU
		{AD05F396-B9A8-479F-A380-E4301E70CB09}.Debug|iPhone.ActiveCfg = Debug|Any CPU
		{AD05F396-B9A8-479F-A380-E4301E70CB09}.Debug|iPhone.Build.0 = Debug|Any CPU
		{AD05F396-B9A8-479F-A380-E4301E70CB09}.Debug|iPhoneSimulator.ActiveCfg = Debug|Any CPU
		{AD05F396-B9A8-479F-A380-E4301E70CB09}.Debug|iPhoneSimulator.Build.0 = Debug|Any CPU
		{AD05F396-B9A8-479F-A380-E4301E70CB09}.Release|Any CPU.ActiveCfg = Release|Any CPU
		{AD05F396-B9A8-479F-A380-E4301E70CB09}.Release|Any CPU.Build.0 = Release|Any CPU
		{AD05F396-B9A8-479F-A380-E4301E70CB09}.Release|iPhone.ActiveCfg = Release|Any CPU
		{AD05F396-B9A8-479F-A380-E4301E70CB09}.Release|iPhone.Build.0 = Release|Any CPU
		{AD05F396-B9A8-479F-A380-E4301E70CB09}.Release|iPhoneSimulator.ActiveCfg = Release|Any CPU
		{AD05F396-B9A8-479F-A380-E4301E70CB09}.Release|iPhoneSimulator.Build.0 = Release|Any CPU
		{C7AA8AFC-8E1A-4B34-830B-66BAD57312C6}.Ad-Hoc|iPhone.ActiveCfg = Debug|Any CPU
		{C7AA8AFC-8E1A-4B34-830B-66BAD57312C6}.Ad-Hoc|iPhone.Build.0 = Debug|Any CPU
		{C7AA8AFC-8E1A-4B34-830B-66BAD57312C6}.AppStore|iPhone.ActiveCfg = Debug|Any CPU
		{C7AA8AFC-8E1A-4B34-830B-66BAD57312C6}.AppStore|iPhone.Build.0 = Debug|Any CPU
		{C7AA8AFC-8E1A-4B34-830B-66BAD57312C6}.Debug|Any CPU.ActiveCfg = Debug|Any CPU
		{C7AA8AFC-8E1A-4B34-830B-66BAD57312C6}.Debug|Any CPU.Build.0 = Debug|Any CPU
		{C7AA8AFC-8E1A-4B34-830B-66BAD57312C6}.Debug|iPhone.ActiveCfg = Debug|Any CPU
		{C7AA8AFC-8E1A-4B34-830B-66BAD57312C6}.Debug|iPhone.Build.0 = Debug|Any CPU
		{C7AA8AFC-8E1A-4B34-830B-66BAD57312C6}.Debug|iPhoneSimulator.ActiveCfg = Debug|Any CPU
		{C7AA8AFC-8E1A-4B34-830B-66BAD57312C6}.Debug|iPhoneSimulator.Build.0 = Debug|Any CPU
		{C7AA8AFC-8E1A-4B34-830B-66BAD57312C6}.Release|Any CPU.ActiveCfg = Release|Any CPU
		{C7AA8AFC-8E1A-4B34-830B-66BAD57312C6}.Release|Any CPU.Build.0 = Release|Any CPU
		{C7AA8AFC-8E1A-4B34-830B-66BAD57312C6}.Release|iPhone.ActiveCfg = Release|Any CPU
		{C7AA8AFC-8E1A-4B34-830B-66BAD57312C6}.Release|iPhone.Build.0 = Release|Any CPU
		{C7AA8AFC-8E1A-4B34-830B-66BAD57312C6}.Release|iPhoneSimulator.ActiveCfg = Release|Any CPU
		{C7AA8AFC-8E1A-4B34-830B-66BAD57312C6}.Release|iPhoneSimulator.Build.0 = Release|Any CPU
		{936F234E-7EAA-4C43-AF4A-619CD25C08B9}.Ad-Hoc|iPhone.ActiveCfg = Debug|Any CPU
		{936F234E-7EAA-4C43-AF4A-619CD25C08B9}.Ad-Hoc|iPhone.Build.0 = Debug|Any CPU
		{936F234E-7EAA-4C43-AF4A-619CD25C08B9}.AppStore|iPhone.ActiveCfg = Debug|Any CPU
		{936F234E-7EAA-4C43-AF4A-619CD25C08B9}.AppStore|iPhone.Build.0 = Debug|Any CPU
		{936F234E-7EAA-4C43-AF4A-619CD25C08B9}.Debug|Any CPU.ActiveCfg = Debug|Any CPU
		{936F234E-7EAA-4C43-AF4A-619CD25C08B9}.Debug|Any CPU.Build.0 = Debug|Any CPU
		{936F234E-7EAA-4C43-AF4A-619CD25C08B9}.Debug|iPhone.ActiveCfg = Debug|Any CPU
		{936F234E-7EAA-4C43-AF4A-619CD25C08B9}.Debug|iPhone.Build.0 = Debug|Any CPU
		{936F234E-7EAA-4C43-AF4A-619CD25C08B9}.Debug|iPhoneSimulator.ActiveCfg = Debug|Any CPU
		{936F234E-7EAA-4C43-AF4A-619CD25C08B9}.Debug|iPhoneSimulator.Build.0 = Debug|Any CPU
		{936F234E-7EAA-4C43-AF4A-619CD25C08B9}.Release|Any CPU.ActiveCfg = Release|Any CPU
		{936F234E-7EAA-4C43-AF4A-619CD25C08B9}.Release|Any CPU.Build.0 = Release|Any CPU
		{936F234E-7EAA-4C43-AF4A-619CD25C08B9}.Release|iPhone.ActiveCfg = Release|Any CPU
		{936F234E-7EAA-4C43-AF4A-619CD25C08B9}.Release|iPhone.Build.0 = Release|Any CPU
		{936F234E-7EAA-4C43-AF4A-619CD25C08B9}.Release|iPhoneSimulator.ActiveCfg = Release|Any CPU
		{936F234E-7EAA-4C43-AF4A-619CD25C08B9}.Release|iPhoneSimulator.Build.0 = Release|Any CPU
	EndGlobalSection
EndGlobal
